
Microsoft Visual Studio Solution File, Format Version 12.00
# Visual Studio 15
VisualStudioVersion = 15.0.27703.2018
MinimumVisualStudioVersion = 10.0.40219.1
Project("{FAE04EC0-301F-11D3-BF4B-00C04F79EFBC}") = "JSONLesson", "JSONLesson\JSONLesson.csproj", "{B99C673D-1A26-4DBA-A969-5BF39D8E8884}"
EndProject
Global
	GlobalSection(SolutionConfigurationPlatforms) = preSolution
		Debug|Any CPU = Debug|Any CPU
		Release|Any CPU = Release|Any CPU
	EndGlobalSection
	GlobalSection(ProjectConfigurationPlatforms) = postSolution
		{B99C673D-1A26-4DBA-A969-5BF39D8E8884}.Debug|Any CPU.ActiveCfg = Debug|Any CPU
		{B99C673D-1A26-4DBA-A969-5BF39D8E8884}.Debug|Any CPU.Build.0 = Debug|Any CPU
		{B99C673D-1A26-4DBA-A969-5BF39D8E8884}.Release|Any CPU.ActiveCfg = Release|Any CPU
		{B99C673D-1A26-4DBA-A969-5BF39D8E8884}.Release|Any CPU.Build.0 = Release|Any CPU
	EndGlobalSection
	GlobalSection(SolutionProperties) = preSolution
		HideSolutionNode = FALSE
	EndGlobalSection
	GlobalSection(ExtensibilityGlobals) = postSolution
		SolutionGuid = {6F072C36-37E3-4B11-94C2-8B4F57AD016F}
	EndGlobalSection
EndGlobal
